
Microsoft Visual Studio Solution File, Format Version 12.00
Project("{FAE04EC0-301F-11D3-BF4B-00C04F79EFBC}") = "HelloWorld", "HelloWorld\HelloWorld.csproj", "{36C4CACC-CF00-4826-9906-A38C4AB4D1CD}"
EndProject
Project("{FAE04EC0-301F-11D3-BF4B-00C04F79EFBC}") = "PrintArgs", "PrintArgs\PrintArgs.csproj", "{E6728D13-72F2-423D-8381-CAD57B878CB0}"
EndProject
Project("{FAE04EC0-301F-11D3-BF4B-00C04F79EFBC}") = "RemoveDuplicates", "RemoveDuplicates\RemoveDuplicates.csproj", "{3C2D1748-1E00-4757-85E3-E32BA79446B6}"
EndProject
Global
	GlobalSection(SolutionConfigurationPlatforms) = preSolution
		Debug|Any CPU = Debug|Any CPU
		Release|Any CPU = Release|Any CPU
	EndGlobalSection
	GlobalSection(ProjectConfigurationPlatforms) = postSolution
		{36C4CACC-CF00-4826-9906-A38C4AB4D1CD}.Debug|Any CPU.ActiveCfg = Debug|Any CPU
		{36C4CACC-CF00-4826-9906-A38C4AB4D1CD}.Debug|Any CPU.Build.0 = Debug|Any CPU
		{36C4CACC-CF00-4826-9906-A38C4AB4D1CD}.Release|Any CPU.ActiveCfg = Release|Any CPU
		{36C4CACC-CF00-4826-9906-A38C4AB4D1CD}.Release|Any CPU.Build.0 = Release|Any CPU
		{E6728D13-72F2-423D-8381-CAD57B878CB0}.Debug|Any CPU.ActiveCfg = Debug|Any CPU
		{E6728D13-72F2-423D-8381-CAD57B878CB0}.Debug|Any CPU.Build.0 = Debug|Any CPU
		{E6728D13-72F2-423D-8381-CAD57B878CB0}.Release|Any CPU.ActiveCfg = Release|Any CPU
		{E6728D13-72F2-423D-8381-CAD57B878CB0}.Release|Any CPU.Build.0 = Release|Any CPU
		{3C2D1748-1E00-4757-85E3-E32BA79446B6}.Debug|Any CPU.ActiveCfg = Debug|Any CPU
		{3C2D1748-1E00-4757-85E3-E32BA79446B6}.Debug|Any CPU.Build.0 = Debug|Any CPU
		{3C2D1748-1E00-4757-85E3-E32BA79446B6}.Release|Any CPU.ActiveCfg = Release|Any CPU
		{3C2D1748-1E00-4757-85E3-E32BA79446B6}.Release|Any CPU.Build.0 = Release|Any CPU
	EndGlobalSection
EndGlobal
